
Microsoft Visual Studio Solution File, Format Version 12.00
# Visual Studio 14
VisualStudioVersion = 14.0.24720.0
MinimumVisualStudioVersion = 10.0.40219.1
Project("{FAE04EC0-301F-11D3-BF4B-00C04F79EFBC}") = "LojaNinja.MVC", "LojaNinja\LojaNinja.MVC.csproj", "{8DF13852-C2E2-41B3-B2DF-5234EF8AA125}"
EndProject
Project("{2150E333-8FDC-42A3-9474-1A3956D46DE8}") = "1 - UI", "1 - UI", "{D4124F8A-87C7-4755-AACA-AD052BCA59D8}"
EndProject
Project("{2150E333-8FDC-42A3-9474-1A3956D46DE8}") = "2 - Dominio", "2 - Dominio", "{DCF827BA-053E-45BF-9855-D998C2BE9533}"
EndProject
Project("{2150E333-8FDC-42A3-9474-1A3956D46DE8}") = "3 - Infraestrutura", "3 - Infraestrutura", "{3F915C1E-6828-45D5-8F15-F0A1101A746C}"
EndProject
Project("{FAE04EC0-301F-11D3-BF4B-00C04F79EFBC}") = "LojaNinja.Dominio", "LojaNinja.Dominio\LojaNinja.Dominio.csproj", "{CC16E573-7AFC-475E-8FFA-1C8E2CBD82FA}"
EndProject
Project("{FAE04EC0-301F-11D3-BF4B-00C04F79EFBC}") = "LojaNinja.Dominio.Test", "LojaNinja.Dominio.Test\LojaNinja.Dominio.Test.csproj", "{0DE5D9D7-4A78-425D-9830-96AC669FD603}"
EndProject
Project("{FAE04EC0-301F-11D3-BF4B-00C04F79EFBC}") = "LojaNinja.Repositorio", "LojaNinja.Infraestrutura\LojaNinja.Repositorio.csproj", "{472DEC8D-0DA5-4D94-8611-501560E336F4}"
EndProject
Global
	GlobalSection(SolutionConfigurationPlatforms) = preSolution
		Debug|Any CPU = Debug|Any CPU
		Release|Any CPU = Release|Any CPU
	EndGlobalSection
	GlobalSection(ProjectConfigurationPlatforms) = postSolution
		{8DF13852-C2E2-41B3-B2DF-5234EF8AA125}.Debug|Any CPU.ActiveCfg = Debug|Any CPU
		{8DF13852-C2E2-41B3-B2DF-5234EF8AA125}.Debug|Any CPU.Build.0 = Debug|Any CPU
		{8DF13852-C2E2-41B3-B2DF-5234EF8AA125}.Release|Any CPU.ActiveCfg = Release|Any CPU
		{8DF13852-C2E2-41B3-B2DF-5234EF8AA125}.Release|Any CPU.Build.0 = Release|Any CPU
		{CC16E573-7AFC-475E-8FFA-1C8E2CBD82FA}.Debug|Any CPU.ActiveCfg = Debug|Any CPU
		{CC16E573-7AFC-475E-8FFA-1C8E2CBD82FA}.Debug|Any CPU.Build.0 = Debug|Any CPU
		{CC16E573-7AFC-475E-8FFA-1C8E2CBD82FA}.Release|Any CPU.ActiveCfg = Release|Any CPU
		{CC16E573-7AFC-475E-8FFA-1C8E2CBD82FA}.Release|Any CPU.Build.0 = Release|Any CPU
		{0DE5D9D7-4A78-425D-9830-96AC669FD603}.Debug|Any CPU.ActiveCfg = Debug|Any CPU
		{0DE5D9D7-4A78-425D-9830-96AC669FD603}.Debug|Any CPU.Build.0 = Debug|Any CPU
		{0DE5D9D7-4A78-425D-9830-96AC669FD603}.Release|Any CPU.ActiveCfg = Release|Any CPU
		{0DE5D9D7-4A78-425D-9830-96AC669FD603}.Release|Any CPU.Build.0 = Release|Any CPU
		{472DEC8D-0DA5-4D94-8611-501560E336F4}.Debug|Any CPU.ActiveCfg = Debug|Any CPU
		{472DEC8D-0DA5-4D94-8611-501560E336F4}.Debug|Any CPU.Build.0 = Debug|Any CPU
		{472DEC8D-0DA5-4D94-8611-501560E336F4}.Release|Any CPU.ActiveCfg = Release|Any CPU
		{472DEC8D-0DA5-4D94-8611-501560E336F4}.Release|Any CPU.Build.0 = Release|Any CPU
	EndGlobalSection
	GlobalSection(SolutionProperties) = preSolution
		HideSolutionNode = FALSE
	EndGlobalSection
	GlobalSection(NestedProjects) = preSolution
		{8DF13852-C2E2-41B3-B2DF-5234EF8AA125} = {D4124F8A-87C7-4755-AACA-AD052BCA59D8}
		{CC16E573-7AFC-475E-8FFA-1C8E2CBD82FA} = {DCF827BA-053E-45BF-9855-D998C2BE9533}
		{0DE5D9D7-4A78-425D-9830-96AC669FD603} = {DCF827BA-053E-45BF-9855-D998C2BE9533}
		{472DEC8D-0DA5-4D94-8611-501560E336F4} = {3F915C1E-6828-45D5-8F15-F0A1101A746C}
	EndGlobalSection
EndGlobal
